// !$*UTF8*$!
{
	archiveVersion = 1;
	classes = {
	};
	objectVersion = 46;
	objects = {

/* Begin PBXAggregateTarget section */
		"simcli::simcliPackageTests::ProductTarget" /* simcliPackageTests */ = {
			isa = PBXAggregateTarget;
			buildConfigurationList = OBJ_122 /* Build configuration list for PBXAggregateTarget "simcliPackageTests" */;
			buildPhases = (
			);
			dependencies = (
				OBJ_125 /* PBXTargetDependency */,
			);
			name = simcliPackageTests;
			productName = simcliPackageTests;
		};
/* End PBXAggregateTarget section */

/* Begin PBXBuildFile section */
		OBJ_100 /* Tree.swift in Sources */ = {isa = PBXBuildFile; fileRef = OBJ_54 /* Tree.swift */; };
		OBJ_107 /* Process.swift in Sources */ = {isa = PBXBuildFile; fileRef = OBJ_9 /* Process.swift */; };
		OBJ_108 /* Util.swift in Sources */ = {isa = PBXBuildFile; fileRef = OBJ_10 /* Util.swift */; };
		OBJ_109 /* application.swift in Sources */ = {isa = PBXBuildFile; fileRef = OBJ_12 /* application.swift */; };
		OBJ_110 /* simulator.swift in Sources */ = {isa = PBXBuildFile; fileRef = OBJ_13 /* simulator.swift */; };
		OBJ_111 /* main.swift in Sources */ = {isa = PBXBuildFile; fileRef = OBJ_14 /* main.swift */; };
		OBJ_113 /* ArgumentParser.framework in Frameworks */ = {isa = PBXBuildFile; fileRef = "swift-argument-parser::ArgumentParser::Product" /* ArgumentParser.framework */; };
		OBJ_120 /* Package.swift in Sources */ = {isa = PBXBuildFile; fileRef = OBJ_6 /* Package.swift */; };
		OBJ_131 /* XCTestManifests.swift in Sources */ = {isa = PBXBuildFile; fileRef = OBJ_17 /* XCTestManifests.swift */; };
		OBJ_132 /* simctl_cliTests.swift in Sources */ = {isa = PBXBuildFile; fileRef = OBJ_18 /* simctl_cliTests.swift */; };
		OBJ_134 /* ArgumentParser.framework in Frameworks */ = {isa = PBXBuildFile; fileRef = "swift-argument-parser::ArgumentParser::Product" /* ArgumentParser.framework */; };
		OBJ_142 /* Package.swift in Sources */ = {isa = PBXBuildFile; fileRef = OBJ_59 /* Package.swift */; };
		OBJ_73 /* Argument.swift in Sources */ = {isa = PBXBuildFile; fileRef = OBJ_23 /* Argument.swift */; };
		OBJ_74 /* ArgumentHelp.swift in Sources */ = {isa = PBXBuildFile; fileRef = OBJ_24 /* ArgumentHelp.swift */; };
		OBJ_75 /* Errors.swift in Sources */ = {isa = PBXBuildFile; fileRef = OBJ_25 /* Errors.swift */; };
		OBJ_76 /* Flag.swift in Sources */ = {isa = PBXBuildFile; fileRef = OBJ_26 /* Flag.swift */; };
		OBJ_77 /* NameSpecification.swift in Sources */ = {isa = PBXBuildFile; fileRef = OBJ_27 /* NameSpecification.swift */; };
		OBJ_78 /* Option.swift in Sources */ = {isa = PBXBuildFile; fileRef = OBJ_28 /* Option.swift */; };
		OBJ_79 /* OptionGroup.swift in Sources */ = {isa = PBXBuildFile; fileRef = OBJ_29 /* OptionGroup.swift */; };
		OBJ_80 /* CommandConfiguration.swift in Sources */ = {isa = PBXBuildFile; fileRef = OBJ_31 /* CommandConfiguration.swift */; };
		OBJ_81 /* ExpressibleByArgument.swift in Sources */ = {isa = PBXBuildFile; fileRef = OBJ_32 /* ExpressibleByArgument.swift */; };
		OBJ_82 /* ParsableArguments.swift in Sources */ = {isa = PBXBuildFile; fileRef = OBJ_33 /* ParsableArguments.swift */; };
		OBJ_83 /* ParsableCommand.swift in Sources */ = {isa = PBXBuildFile; fileRef = OBJ_34 /* ParsableCommand.swift */; };
		OBJ_84 /* ArgumentDecoder.swift in Sources */ = {isa = PBXBuildFile; fileRef = OBJ_36 /* ArgumentDecoder.swift */; };
		OBJ_85 /* ArgumentDefinition.swift in Sources */ = {isa = PBXBuildFile; fileRef = OBJ_37 /* ArgumentDefinition.swift */; };
		OBJ_86 /* ArgumentSet.swift in Sources */ = {isa = PBXBuildFile; fileRef = OBJ_38 /* ArgumentSet.swift */; };
		OBJ_87 /* ArgumentSetSequence.swift in Sources */ = {isa = PBXBuildFile; fileRef = OBJ_39 /* ArgumentSetSequence.swift */; };
		OBJ_88 /* CommandParser.swift in Sources */ = {isa = PBXBuildFile; fileRef = OBJ_40 /* CommandParser.swift */; };
		OBJ_89 /* InputOrigin.swift in Sources */ = {isa = PBXBuildFile; fileRef = OBJ_41 /* InputOrigin.swift */; };
		OBJ_90 /* Name.swift in Sources */ = {isa = PBXBuildFile; fileRef = OBJ_42 /* Name.swift */; };
		OBJ_91 /* Parsed.swift in Sources */ = {isa = PBXBuildFile; fileRef = OBJ_43 /* Parsed.swift */; };
		OBJ_92 /* ParsedValues.swift in Sources */ = {isa = PBXBuildFile; fileRef = OBJ_44 /* ParsedValues.swift */; };
		OBJ_93 /* ParserError.swift in Sources */ = {isa = PBXBuildFile; fileRef = OBJ_45 /* ParserError.swift */; };
		OBJ_94 /* SplitArguments.swift in Sources */ = {isa = PBXBuildFile; fileRef = OBJ_46 /* SplitArguments.swift */; };
		OBJ_95 /* HelpCommand.swift in Sources */ = {isa = PBXBuildFile; fileRef = OBJ_48 /* HelpCommand.swift */; };
		OBJ_96 /* HelpGenerator.swift in Sources */ = {isa = PBXBuildFile; fileRef = OBJ_49 /* HelpGenerator.swift */; };
		OBJ_97 /* MessageInfo.swift in Sources */ = {isa = PBXBuildFile; fileRef = OBJ_50 /* MessageInfo.swift */; };
		OBJ_98 /* UsageGenerator.swift in Sources */ = {isa = PBXBuildFile; fileRef = OBJ_51 /* UsageGenerator.swift */; };
		OBJ_99 /* StringExtensions.swift in Sources */ = {isa = PBXBuildFile; fileRef = OBJ_53 /* StringExtensions.swift */; };
/* End PBXBuildFile section */

/* Begin PBXContainerItemProxy section */
		3AB4A33D2427FB4700481B56 /* PBXContainerItemProxy */ = {
			isa = PBXContainerItemProxy;
			containerPortal = OBJ_1 /* Project object */;
			proxyType = 1;
			remoteGlobalIDString = "swift-argument-parser::ArgumentParser";
			remoteInfo = ArgumentParser;
		};
		3AB4A33E2427FB4900481B56 /* PBXContainerItemProxy */ = {
			isa = PBXContainerItemProxy;
			containerPortal = OBJ_1 /* Project object */;
			proxyType = 1;
			remoteGlobalIDString = "simcli::simcli";
			remoteInfo = simcli;
		};
		3AB4A33F2427FB4900481B56 /* PBXContainerItemProxy */ = {
			isa = PBXContainerItemProxy;
			containerPortal = OBJ_1 /* Project object */;
			proxyType = 1;
			remoteGlobalIDString = "swift-argument-parser::ArgumentParser";
			remoteInfo = ArgumentParser;
		};
/* End PBXContainerItemProxy section */

/* Begin PBXFileReference section */
		OBJ_10 /* Util.swift */ = {isa = PBXFileReference; lastKnownFileType = sourcecode.swift; path = Util.swift; sourceTree = "<group>"; };
		OBJ_12 /* application.swift */ = {isa = PBXFileReference; lastKnownFileType = sourcecode.swift; path = application.swift; sourceTree = "<group>"; };
		OBJ_13 /* simulator.swift */ = {isa = PBXFileReference; lastKnownFileType = sourcecode.swift; path = simulator.swift; sourceTree = "<group>"; };
		OBJ_14 /* main.swift */ = {isa = PBXFileReference; lastKnownFileType = sourcecode.swift; path = main.swift; sourceTree = "<group>"; };
		OBJ_17 /* XCTestManifests.swift */ = {isa = PBXFileReference; lastKnownFileType = sourcecode.swift; path = XCTestManifests.swift; sourceTree = "<group>"; };
		OBJ_18 /* simctl_cliTests.swift */ = {isa = PBXFileReference; lastKnownFileType = sourcecode.swift; path = simctl_cliTests.swift; sourceTree = "<group>"; };
		OBJ_23 /* Argument.swift */ = {isa = PBXFileReference; lastKnownFileType = sourcecode.swift; path = Argument.swift; sourceTree = "<group>"; };
		OBJ_24 /* ArgumentHelp.swift */ = {isa = PBXFileReference; lastKnownFileType = sourcecode.swift; path = ArgumentHelp.swift; sourceTree = "<group>"; };
		OBJ_25 /* Errors.swift */ = {isa = PBXFileReference; lastKnownFileType = sourcecode.swift; path = Errors.swift; sourceTree = "<group>"; };
		OBJ_26 /* Flag.swift */ = {isa = PBXFileReference; lastKnownFileType = sourcecode.swift; path = Flag.swift; sourceTree = "<group>"; };
		OBJ_27 /* NameSpecification.swift */ = {isa = PBXFileReference; lastKnownFileType = sourcecode.swift; path = NameSpecification.swift; sourceTree = "<group>"; };
		OBJ_28 /* Option.swift */ = {isa = PBXFileReference; lastKnownFileType = sourcecode.swift; path = Option.swift; sourceTree = "<group>"; };
		OBJ_29 /* OptionGroup.swift */ = {isa = PBXFileReference; lastKnownFileType = sourcecode.swift; path = OptionGroup.swift; sourceTree = "<group>"; };
		OBJ_31 /* CommandConfiguration.swift */ = {isa = PBXFileReference; lastKnownFileType = sourcecode.swift; path = CommandConfiguration.swift; sourceTree = "<group>"; };
		OBJ_32 /* ExpressibleByArgument.swift */ = {isa = PBXFileReference; lastKnownFileType = sourcecode.swift; path = ExpressibleByArgument.swift; sourceTree = "<group>"; };
		OBJ_33 /* ParsableArguments.swift */ = {isa = PBXFileReference; lastKnownFileType = sourcecode.swift; path = ParsableArguments.swift; sourceTree = "<group>"; };
		OBJ_34 /* ParsableCommand.swift */ = {isa = PBXFileReference; lastKnownFileType = sourcecode.swift; path = ParsableCommand.swift; sourceTree = "<group>"; };
		OBJ_36 /* ArgumentDecoder.swift */ = {isa = PBXFileReference; lastKnownFileType = sourcecode.swift; path = ArgumentDecoder.swift; sourceTree = "<group>"; };
		OBJ_37 /* ArgumentDefinition.swift */ = {isa = PBXFileReference; lastKnownFileType = sourcecode.swift; path = ArgumentDefinition.swift; sourceTree = "<group>"; };
		OBJ_38 /* ArgumentSet.swift */ = {isa = PBXFileReference; lastKnownFileType = sourcecode.swift; path = ArgumentSet.swift; sourceTree = "<group>"; };
		OBJ_39 /* ArgumentSetSequence.swift */ = {isa = PBXFileReference; lastKnownFileType = sourcecode.swift; path = ArgumentSetSequence.swift; sourceTree = "<group>"; };
		OBJ_40 /* CommandParser.swift */ = {isa = PBXFileReference; lastKnownFileType = sourcecode.swift; path = CommandParser.swift; sourceTree = "<group>"; };
		OBJ_41 /* InputOrigin.swift */ = {isa = PBXFileReference; lastKnownFileType = sourcecode.swift; path = InputOrigin.swift; sourceTree = "<group>"; };
		OBJ_42 /* Name.swift */ = {isa = PBXFileReference; lastKnownFileType = sourcecode.swift; path = Name.swift; sourceTree = "<group>"; };
		OBJ_43 /* Parsed.swift */ = {isa = PBXFileReference; lastKnownFileType = sourcecode.swift; path = Parsed.swift; sourceTree = "<group>"; };
		OBJ_44 /* ParsedValues.swift */ = {isa = PBXFileReference; lastKnownFileType = sourcecode.swift; path = ParsedValues.swift; sourceTree = "<group>"; };
		OBJ_45 /* ParserError.swift */ = {isa = PBXFileReference; lastKnownFileType = sourcecode.swift; path = ParserError.swift; sourceTree = "<group>"; };
		OBJ_46 /* SplitArguments.swift */ = {isa = PBXFileReference; lastKnownFileType = sourcecode.swift; path = SplitArguments.swift; sourceTree = "<group>"; };
		OBJ_48 /* HelpCommand.swift */ = {isa = PBXFileReference; lastKnownFileType = sourcecode.swift; path = HelpCommand.swift; sourceTree = "<group>"; };
		OBJ_49 /* HelpGenerator.swift */ = {isa = PBXFileReference; lastKnownFileType = sourcecode.swift; path = HelpGenerator.swift; sourceTree = "<group>"; };
		OBJ_50 /* MessageInfo.swift */ = {isa = PBXFileReference; lastKnownFileType = sourcecode.swift; path = MessageInfo.swift; sourceTree = "<group>"; };
		OBJ_51 /* UsageGenerator.swift */ = {isa = PBXFileReference; lastKnownFileType = sourcecode.swift; path = UsageGenerator.swift; sourceTree = "<group>"; };
		OBJ_53 /* StringExtensions.swift */ = {isa = PBXFileReference; lastKnownFileType = sourcecode.swift; path = StringExtensions.swift; sourceTree = "<group>"; };
		OBJ_54 /* Tree.swift */ = {isa = PBXFileReference; lastKnownFileType = sourcecode.swift; path = Tree.swift; sourceTree = "<group>"; };
		OBJ_59 /* Package.swift */ = {isa = PBXFileReference; explicitFileType = sourcecode.swift; name = Package.swift; path = "/Users/oan/github/simctl-cli/.build/checkouts/swift-argument-parser/Package.swift"; sourceTree = "<group>"; };
		OBJ_6 /* Package.swift */ = {isa = PBXFileReference; explicitFileType = sourcecode.swift; path = Package.swift; sourceTree = "<group>"; };
		OBJ_64 /* build */ = {isa = PBXFileReference; lastKnownFileType = folder; path = build; sourceTree = SOURCE_ROOT; };
		OBJ_65 /* LICENSE */ = {isa = PBXFileReference; lastKnownFileType = text; path = LICENSE; sourceTree = "<group>"; };
		OBJ_66 /* README.md */ = {isa = PBXFileReference; lastKnownFileType = net.daringfireball.markdown; path = README.md; sourceTree = "<group>"; };
		OBJ_67 /* runafter.sh */ = {isa = PBXFileReference; lastKnownFileType = text.script.sh; path = runafter.sh; sourceTree = "<group>"; };
		OBJ_9 /* Process.swift */ = {isa = PBXFileReference; lastKnownFileType = sourcecode.swift; path = Process.swift; sourceTree = "<group>"; };
		"simcli::simcli::Product" /* simcli */ = {isa = PBXFileReference; lastKnownFileType = text; path = simcli; sourceTree = BUILT_PRODUCTS_DIR; };
		"simcli::simctl-cliTests::Product" /* simctl_cliTests.xctest */ = {isa = PBXFileReference; lastKnownFileType = file; name = simctl_cliTests.xctest; path = "simctl-cliTests.xctest"; sourceTree = BUILT_PRODUCTS_DIR; };
		"swift-argument-parser::ArgumentParser::Product" /* ArgumentParser.framework */ = {isa = PBXFileReference; lastKnownFileType = wrapper.framework; path = ArgumentParser.framework; sourceTree = BUILT_PRODUCTS_DIR; };
/* End PBXFileReference section */

/* Begin PBXFrameworksBuildPhase section */
		OBJ_101 /* Frameworks */ = {
			isa = PBXFrameworksBuildPhase;
			buildActionMask = 0;
			files = (
			);
			runOnlyForDeploymentPostprocessing = 0;
		};
		OBJ_112 /* Frameworks */ = {
			isa = PBXFrameworksBuildPhase;
			buildActionMask = 0;
			files = (
				OBJ_113 /* ArgumentParser.framework in Frameworks */,
			);
			runOnlyForDeploymentPostprocessing = 0;
		};
		OBJ_133 /* Frameworks */ = {
			isa = PBXFrameworksBuildPhase;
			buildActionMask = 0;
			files = (
				OBJ_134 /* ArgumentParser.framework in Frameworks */,
			);
			runOnlyForDeploymentPostprocessing = 0;
		};
/* End PBXFrameworksBuildPhase section */

/* Begin PBXGroup section */
		OBJ_11 /* commands */ = {
			isa = PBXGroup;
			children = (
				OBJ_12 /* application.swift */,
				OBJ_13 /* simulator.swift */,
			);
			path = commands;
			sourceTree = "<group>";
		};
		OBJ_15 /* Tests */ = {
			isa = PBXGroup;
			children = (
				OBJ_16 /* simctl-cliTests */,
			);
			name = Tests;
			sourceTree = SOURCE_ROOT;
		};
		OBJ_16 /* simctl-cliTests */ = {
			isa = PBXGroup;
			children = (
				OBJ_17 /* XCTestManifests.swift */,
				OBJ_18 /* simctl_cliTests.swift */,
			);
			name = "simctl-cliTests";
			path = "Tests/simctl-cliTests";
			sourceTree = SOURCE_ROOT;
		};
		OBJ_19 /* Dependencies */ = {
			isa = PBXGroup;
			children = (
				OBJ_20 /* swift-argument-parser 0.0.2 */,
			);
			name = Dependencies;
			sourceTree = "<group>";
		};
		OBJ_20 /* swift-argument-parser 0.0.2 */ = {
			isa = PBXGroup;
			children = (
				OBJ_21 /* ArgumentParser */,
				OBJ_55 /* SAPTestHelpers */,
				OBJ_56 /* math */,
				OBJ_57 /* repeat */,
				OBJ_58 /* roll */,
				OBJ_59 /* Package.swift */,
			);
			name = "swift-argument-parser 0.0.2";
			sourceTree = SOURCE_ROOT;
		};
		OBJ_21 /* ArgumentParser */ = {
			isa = PBXGroup;
			children = (
				OBJ_22 /* Parsable Properties */,
				OBJ_30 /* Parsable Types */,
				OBJ_35 /* Parsing */,
				OBJ_47 /* Usage */,
				OBJ_52 /* Utilities */,
			);
			name = ArgumentParser;
			path = ".build/checkouts/swift-argument-parser/Sources/ArgumentParser";
			sourceTree = SOURCE_ROOT;
		};
		OBJ_22 /* Parsable Properties */ = {
			isa = PBXGroup;
			children = (
				OBJ_23 /* Argument.swift */,
				OBJ_24 /* ArgumentHelp.swift */,
				OBJ_25 /* Errors.swift */,
				OBJ_26 /* Flag.swift */,
				OBJ_27 /* NameSpecification.swift */,
				OBJ_28 /* Option.swift */,
				OBJ_29 /* OptionGroup.swift */,
			);
			path = "Parsable Properties";
			sourceTree = "<group>";
		};
		OBJ_30 /* Parsable Types */ = {
			isa = PBXGroup;
			children = (
				OBJ_31 /* CommandConfiguration.swift */,
				OBJ_32 /* ExpressibleByArgument.swift */,
				OBJ_33 /* ParsableArguments.swift */,
				OBJ_34 /* ParsableCommand.swift */,
			);
			path = "Parsable Types";
			sourceTree = "<group>";
		};
		OBJ_35 /* Parsing */ = {
			isa = PBXGroup;
			children = (
				OBJ_36 /* ArgumentDecoder.swift */,
				OBJ_37 /* ArgumentDefinition.swift */,
				OBJ_38 /* ArgumentSet.swift */,
				OBJ_39 /* ArgumentSetSequence.swift */,
				OBJ_40 /* CommandParser.swift */,
				OBJ_41 /* InputOrigin.swift */,
				OBJ_42 /* Name.swift */,
				OBJ_43 /* Parsed.swift */,
				OBJ_44 /* ParsedValues.swift */,
				OBJ_45 /* ParserError.swift */,
				OBJ_46 /* SplitArguments.swift */,
			);
			path = Parsing;
			sourceTree = "<group>";
		};
		OBJ_47 /* Usage */ = {
			isa = PBXGroup;
			children = (
				OBJ_48 /* HelpCommand.swift */,
				OBJ_49 /* HelpGenerator.swift */,
				OBJ_50 /* MessageInfo.swift */,
				OBJ_51 /* UsageGenerator.swift */,
			);
			path = Usage;
			sourceTree = "<group>";
		};
		OBJ_5 /*  */ = {
			isa = PBXGroup;
			children = (
				OBJ_6 /* Package.swift */,
				OBJ_7 /* Sources */,
				OBJ_15 /* Tests */,
				OBJ_19 /* Dependencies */,
				OBJ_60 /* Products */,
				OBJ_64 /* build */,
				OBJ_65 /* LICENSE */,
				OBJ_66 /* README.md */,
				OBJ_67 /* runafter.sh */,
			);
			name = "";
			sourceTree = "<group>";
		};
		OBJ_52 /* Utilities */ = {
			isa = PBXGroup;
			children = (
				OBJ_53 /* StringExtensions.swift */,
				OBJ_54 /* Tree.swift */,
			);
			path = Utilities;
			sourceTree = "<group>";
		};
		OBJ_55 /* SAPTestHelpers */ = {
			isa = PBXGroup;
			children = (
			);
			name = SAPTestHelpers;
			path = ".build/checkouts/swift-argument-parser/Sources/SAPTestHelpers";
			sourceTree = SOURCE_ROOT;
		};
		OBJ_56 /* math */ = {
			isa = PBXGroup;
			children = (
			);
			name = math;
			path = ".build/checkouts/swift-argument-parser/Examples/math";
			sourceTree = SOURCE_ROOT;
		};
		OBJ_57 /* repeat */ = {
			isa = PBXGroup;
			children = (
			);
			name = repeat;
			path = ".build/checkouts/swift-argument-parser/Examples/repeat";
			sourceTree = SOURCE_ROOT;
		};
		OBJ_58 /* roll */ = {
			isa = PBXGroup;
			children = (
			);
			name = roll;
			path = ".build/checkouts/swift-argument-parser/Examples/roll";
			sourceTree = SOURCE_ROOT;
		};
		OBJ_60 /* Products */ = {
			isa = PBXGroup;
			children = (
				"swift-argument-parser::ArgumentParser::Product" /* ArgumentParser.framework */,
				"simcli::simctl-cliTests::Product" /* simctl_cliTests.xctest */,
				"simcli::simcli::Product" /* simcli */,
			);
			name = Products;
			sourceTree = BUILT_PRODUCTS_DIR;
		};
		OBJ_7 /* Sources */ = {
			isa = PBXGroup;
			children = (
				OBJ_8 /* simcli */,
			);
			name = Sources;
			sourceTree = SOURCE_ROOT;
		};
		OBJ_8 /* simcli */ = {
			isa = PBXGroup;
			children = (
				OBJ_9 /* Process.swift */,
				OBJ_10 /* Util.swift */,
				OBJ_11 /* commands */,
				OBJ_14 /* main.swift */,
			);
			name = simcli;
			path = Sources/simcli;
			sourceTree = SOURCE_ROOT;
		};
/* End PBXGroup section */

/* Begin PBXNativeTarget section */
		"simcli::SwiftPMPackageDescription" /* simcliPackageDescription */ = {
			isa = PBXNativeTarget;
			buildConfigurationList = OBJ_116 /* Build configuration list for PBXNativeTarget "simcliPackageDescription" */;
			buildPhases = (
				OBJ_119 /* Sources */,
			);
			buildRules = (
			);
			dependencies = (
			);
			name = simcliPackageDescription;
			productName = simcliPackageDescription;
			productType = "com.apple.product-type.framework";
		};
		"simcli::simcli" /* simcli */ = {
			isa = PBXNativeTarget;
			buildConfigurationList = OBJ_103 /* Build configuration list for PBXNativeTarget "simcli" */;
			buildPhases = (
				OBJ_106 /* Sources */,
				OBJ_112 /* Frameworks */,
			);
			buildRules = (
			);
			dependencies = (
				OBJ_114 /* PBXTargetDependency */,
			);
			name = simcli;
			productName = simcli;
			productReference = "simcli::simcli::Product" /* simcli */;
			productType = "com.apple.product-type.tool";
		};
		"simcli::simctl-cliTests" /* simctl-cliTests */ = {
			isa = PBXNativeTarget;
			buildConfigurationList = OBJ_127 /* Build configuration list for PBXNativeTarget "simctl-cliTests" */;
			buildPhases = (
				OBJ_130 /* Sources */,
				OBJ_133 /* Frameworks */,
			);
			buildRules = (
			);
			dependencies = (
				OBJ_135 /* PBXTargetDependency */,
				OBJ_136 /* PBXTargetDependency */,
			);
			name = "simctl-cliTests";
			productName = simctl_cliTests;
			productReference = "simcli::simctl-cliTests::Product" /* simctl_cliTests.xctest */;
			productType = "com.apple.product-type.bundle.unit-test";
		};
		"swift-argument-parser::ArgumentParser" /* ArgumentParser */ = {
			isa = PBXNativeTarget;
			buildConfigurationList = OBJ_69 /* Build configuration list for PBXNativeTarget "ArgumentParser" */;
			buildPhases = (
				OBJ_72 /* Sources */,
				OBJ_101 /* Frameworks */,
			);
			buildRules = (
			);
			dependencies = (
			);
			name = ArgumentParser;
			productName = ArgumentParser;
			productReference = "swift-argument-parser::ArgumentParser::Product" /* ArgumentParser.framework */;
			productType = "com.apple.product-type.framework";
		};
		"swift-argument-parser::SwiftPMPackageDescription" /* swift-argument-parserPackageDescription */ = {
			isa = PBXNativeTarget;
			buildConfigurationList = OBJ_138 /* Build configuration list for PBXNativeTarget "swift-argument-parserPackageDescription" */;
			buildPhases = (
				OBJ_141 /* Sources */,
			);
			buildRules = (
			);
			dependencies = (
			);
			name = "swift-argument-parserPackageDescription";
			productName = "swift-argument-parserPackageDescription";
			productType = "com.apple.product-type.framework";
		};
/* End PBXNativeTarget section */

/* Begin PBXProject section */
		OBJ_1 /* Project object */ = {
			isa = PBXProject;
			attributes = {
				LastSwiftMigration = 9999;
				LastUpgradeCheck = 9999;
			};
			buildConfigurationList = OBJ_2 /* Build configuration list for PBXProject "simcli" */;
			compatibilityVersion = "Xcode 3.2";
			developmentRegion = en;
			hasScannedForEncodings = 0;
			knownRegions = (
				en,
			);
			mainGroup = OBJ_5 /*  */;
			productRefGroup = OBJ_60 /* Products */;
			projectDirPath = "";
			projectRoot = "";
			targets = (
				"swift-argument-parser::ArgumentParser" /* ArgumentParser */,
				"simcli::simcli" /* simcli */,
				"simcli::SwiftPMPackageDescription" /* simcliPackageDescription */,
				"simcli::simcliPackageTests::ProductTarget" /* simcliPackageTests */,
				"simcli::simctl-cliTests" /* simctl-cliTests */,
				"swift-argument-parser::SwiftPMPackageDescription" /* swift-argument-parserPackageDescription */,
			);
		};
/* End PBXProject section */

/* Begin PBXSourcesBuildPhase section */
		OBJ_106 /* Sources */ = {
			isa = PBXSourcesBuildPhase;
			buildActionMask = 0;
			files = (
				OBJ_107 /* Process.swift in Sources */,
				OBJ_108 /* Util.swift in Sources */,
				OBJ_109 /* application.swift in Sources */,
				OBJ_110 /* simulator.swift in Sources */,
				OBJ_111 /* main.swift in Sources */,
			);
			runOnlyForDeploymentPostprocessing = 0;
		};
		OBJ_119 /* Sources */ = {
			isa = PBXSourcesBuildPhase;
			buildActionMask = 0;
			files = (
				OBJ_120 /* Package.swift in Sources */,
			);
			runOnlyForDeploymentPostprocessing = 0;
		};
		OBJ_130 /* Sources */ = {
			isa = PBXSourcesBuildPhase;
			buildActionMask = 0;
			files = (
				OBJ_131 /* XCTestManifests.swift in Sources */,
				OBJ_132 /* simctl_cliTests.swift in Sources */,
			);
			runOnlyForDeploymentPostprocessing = 0;
		};
		OBJ_141 /* Sources */ = {
			isa = PBXSourcesBuildPhase;
			buildActionMask = 0;
			files = (
				OBJ_142 /* Package.swift in Sources */,
			);
			runOnlyForDeploymentPostprocessing = 0;
		};
		OBJ_72 /* Sources */ = {
			isa = PBXSourcesBuildPhase;
			buildActionMask = 0;
			files = (
				OBJ_73 /* Argument.swift in Sources */,
				OBJ_74 /* ArgumentHelp.swift in Sources */,
				OBJ_75 /* Errors.swift in Sources */,
				OBJ_76 /* Flag.swift in Sources */,
				OBJ_77 /* NameSpecification.swift in Sources */,
				OBJ_78 /* Option.swift in Sources */,
				OBJ_79 /* OptionGroup.swift in Sources */,
				OBJ_80 /* CommandConfiguration.swift in Sources */,
				OBJ_81 /* ExpressibleByArgument.swift in Sources */,
				OBJ_82 /* ParsableArguments.swift in Sources */,
				OBJ_83 /* ParsableCommand.swift in Sources */,
				OBJ_84 /* ArgumentDecoder.swift in Sources */,
				OBJ_85 /* ArgumentDefinition.swift in Sources */,
				OBJ_86 /* ArgumentSet.swift in Sources */,
				OBJ_87 /* ArgumentSetSequence.swift in Sources */,
				OBJ_88 /* CommandParser.swift in Sources */,
				OBJ_89 /* InputOrigin.swift in Sources */,
				OBJ_90 /* Name.swift in Sources */,
				OBJ_91 /* Parsed.swift in Sources */,
				OBJ_92 /* ParsedValues.swift in Sources */,
				OBJ_93 /* ParserError.swift in Sources */,
				OBJ_94 /* SplitArguments.swift in Sources */,
				OBJ_95 /* HelpCommand.swift in Sources */,
				OBJ_96 /* HelpGenerator.swift in Sources */,
				OBJ_97 /* MessageInfo.swift in Sources */,
				OBJ_98 /* UsageGenerator.swift in Sources */,
				OBJ_99 /* StringExtensions.swift in Sources */,
				OBJ_100 /* Tree.swift in Sources */,
			);
			runOnlyForDeploymentPostprocessing = 0;
		};
/* End PBXSourcesBuildPhase section */

/* Begin PBXTargetDependency section */
		OBJ_114 /* PBXTargetDependency */ = {
			isa = PBXTargetDependency;
			target = "swift-argument-parser::ArgumentParser" /* ArgumentParser */;
			targetProxy = 3AB4A33D2427FB4700481B56 /* PBXContainerItemProxy */;
		};
		OBJ_125 /* PBXTargetDependency */ = {
			isa = PBXTargetDependency;
			target = "simcli::simctl-cliTests" /* simctl-cliTests */;
			targetProxy = "simcli::simctl-cliTests" /* simctl-cliTests */;
		};
		OBJ_135 /* PBXTargetDependency */ = {
			isa = PBXTargetDependency;
			target = "simcli::simcli" /* simcli */;
			targetProxy = 3AB4A33E2427FB4900481B56 /* PBXContainerItemProxy */;
		};
		OBJ_136 /* PBXTargetDependency */ = {
			isa = PBXTargetDependency;
			target = "swift-argument-parser::ArgumentParser" /* ArgumentParser */;
			targetProxy = 3AB4A33F2427FB4900481B56 /* PBXContainerItemProxy */;
		};
/* End PBXTargetDependency section */

/* Begin XCBuildConfiguration section */
		OBJ_104 /* Debug */ = {
			isa = XCBuildConfiguration;
			buildSettings = {
				FRAMEWORK_SEARCH_PATHS = (
					"$(inherited)",
					"$(PLATFORM_DIR)/Developer/Library/Frameworks",
				);
				HEADER_SEARCH_PATHS = "$(inherited)";
				INFOPLIST_FILE = simcli.xcodeproj/simcli_Info.plist;
				IPHONEOS_DEPLOYMENT_TARGET = 8.0;
				LD_RUNPATH_SEARCH_PATHS = "$(inherited) $(TOOLCHAIN_DIR)/usr/lib/swift/macosx @executable_path";
				MACOSX_DEPLOYMENT_TARGET = 10.10;
				OTHER_CFLAGS = "$(inherited)";
				OTHER_LDFLAGS = "$(inherited)";
				OTHER_SWIFT_FLAGS = "$(inherited)";
				SWIFT_ACTIVE_COMPILATION_CONDITIONS = "$(inherited)";
				SWIFT_FORCE_DYNAMIC_LINK_STDLIB = YES;
				SWIFT_FORCE_STATIC_LINK_STDLIB = NO;
				SWIFT_VERSION = 5.0;
				TARGET_NAME = simcli;
				TVOS_DEPLOYMENT_TARGET = 9.0;
				WATCHOS_DEPLOYMENT_TARGET = 2.0;
			};
			name = Debug;
		};
		OBJ_105 /* Release */ = {
			isa = XCBuildConfiguration;
			buildSettings = {
				FRAMEWORK_SEARCH_PATHS = (
					"$(inherited)",
					"$(PLATFORM_DIR)/Developer/Library/Frameworks",
				);
				HEADER_SEARCH_PATHS = "$(inherited)";
				INFOPLIST_FILE = simcli.xcodeproj/simcli_Info.plist;
				IPHONEOS_DEPLOYMENT_TARGET = 8.0;
				LD_RUNPATH_SEARCH_PATHS = "$(inherited) $(TOOLCHAIN_DIR)/usr/lib/swift/macosx @executable_path";
				MACOSX_DEPLOYMENT_TARGET = 10.10;
				OTHER_CFLAGS = "$(inherited)";
				OTHER_LDFLAGS = "$(inherited)";
				OTHER_SWIFT_FLAGS = "$(inherited)";
				SWIFT_ACTIVE_COMPILATION_CONDITIONS = "$(inherited)";
				SWIFT_FORCE_DYNAMIC_LINK_STDLIB = YES;
				SWIFT_FORCE_STATIC_LINK_STDLIB = NO;
				SWIFT_VERSION = 5.0;
				TARGET_NAME = simcli;
				TVOS_DEPLOYMENT_TARGET = 9.0;
				WATCHOS_DEPLOYMENT_TARGET = 2.0;
			};
			name = Release;
		};
		OBJ_117 /* Debug */ = {
			isa = XCBuildConfiguration;
			buildSettings = {
				LD = /usr/bin/true;
				OTHER_SWIFT_FLAGS = "-swift-version 5 -I $(TOOLCHAIN_DIR)/usr/lib/swift/pm/4_2 -target x86_64-apple-macosx10.10 -sdk /Applications/Xcode.app/Contents/Developer/Platforms/MacOSX.platform/Developer/SDKs/MacOSX10.15.sdk -package-description-version 5.1";
				SWIFT_VERSION = 5.0;
			};
			name = Debug;
		};
		OBJ_118 /* Release */ = {
			isa = XCBuildConfiguration;
			buildSettings = {
				LD = /usr/bin/true;
				OTHER_SWIFT_FLAGS = "-swift-version 5 -I $(TOOLCHAIN_DIR)/usr/lib/swift/pm/4_2 -target x86_64-apple-macosx10.10 -sdk /Applications/Xcode.app/Contents/Developer/Platforms/MacOSX.platform/Developer/SDKs/MacOSX10.15.sdk -package-description-version 5.1";
				SWIFT_VERSION = 5.0;
			};
			name = Release;
		};
		OBJ_123 /* Debug */ = {
			isa = XCBuildConfiguration;
			buildSettings = {
			};
			name = Debug;
		};
		OBJ_124 /* Release */ = {
			isa = XCBuildConfiguration;
			buildSettings = {
			};
			name = Release;
		};
		OBJ_128 /* Debug */ = {
			isa = XCBuildConfiguration;
			buildSettings = {
				CLANG_ENABLE_MODULES = YES;
				EMBEDDED_CONTENT_CONTAINS_SWIFT = YES;
				FRAMEWORK_SEARCH_PATHS = (
					"$(inherited)",
					"$(PLATFORM_DIR)/Developer/Library/Frameworks",
				);
				HEADER_SEARCH_PATHS = "$(inherited)";
				INFOPLIST_FILE = simcli.xcodeproj/simctl_cliTests_Info.plist;
				IPHONEOS_DEPLOYMENT_TARGET = 8.0;
				LD_RUNPATH_SEARCH_PATHS = "$(inherited) @loader_path/../Frameworks @loader_path/Frameworks";
				MACOSX_DEPLOYMENT_TARGET = 10.10;
				OTHER_CFLAGS = "$(inherited)";
				OTHER_LDFLAGS = "$(inherited)";
				OTHER_SWIFT_FLAGS = "$(inherited)";
				SWIFT_ACTIVE_COMPILATION_CONDITIONS = "$(inherited)";
				SWIFT_VERSION = 5.0;
				TARGET_NAME = "simctl-cliTests";
				TVOS_DEPLOYMENT_TARGET = 9.0;
				WATCHOS_DEPLOYMENT_TARGET = 2.0;
			};
			name = Debug;
		};
		OBJ_129 /* Release */ = {
			isa = XCBuildConfiguration;
			buildSettings = {
				CLANG_ENABLE_MODULES = YES;
				EMBEDDED_CONTENT_CONTAINS_SWIFT = YES;
				FRAMEWORK_SEARCH_PATHS = (
					"$(inherited)",
					"$(PLATFORM_DIR)/Developer/Library/Frameworks",
				);
				HEADER_SEARCH_PATHS = "$(inherited)";
				INFOPLIST_FILE = simcli.xcodeproj/simctl_cliTests_Info.plist;
				IPHONEOS_DEPLOYMENT_TARGET = 8.0;
				LD_RUNPATH_SEARCH_PATHS = "$(inherited) @loader_path/../Frameworks @loader_path/Frameworks";
				MACOSX_DEPLOYMENT_TARGET = 10.10;
				OTHER_CFLAGS = "$(inherited)";
				OTHER_LDFLAGS = "$(inherited)";
				OTHER_SWIFT_FLAGS = "$(inherited)";
				SWIFT_ACTIVE_COMPILATION_CONDITIONS = "$(inherited)";
				SWIFT_VERSION = 5.0;
				TARGET_NAME = "simctl-cliTests";
				TVOS_DEPLOYMENT_TARGET = 9.0;
				WATCHOS_DEPLOYMENT_TARGET = 2.0;
			};
			name = Release;
		};
		OBJ_139 /* Debug */ = {
			isa = XCBuildConfiguration;
			buildSettings = {
				LD = /usr/bin/true;
				OTHER_SWIFT_FLAGS = "-swift-version 5 -I $(TOOLCHAIN_DIR)/usr/lib/swift/pm/4_2 -target x86_64-apple-macosx10.10 -sdk /Applications/Xcode.app/Contents/Developer/Platforms/MacOSX.platform/Developer/SDKs/MacOSX10.15.sdk -package-description-version 5.1";
				SWIFT_VERSION = 5.0;
			};
			name = Debug;
		};
		OBJ_140 /* Release */ = {
			isa = XCBuildConfiguration;
			buildSettings = {
				LD = /usr/bin/true;
				OTHER_SWIFT_FLAGS = "-swift-version 5 -I $(TOOLCHAIN_DIR)/usr/lib/swift/pm/4_2 -target x86_64-apple-macosx10.10 -sdk /Applications/Xcode.app/Contents/Developer/Platforms/MacOSX.platform/Developer/SDKs/MacOSX10.15.sdk -package-description-version 5.1";
				SWIFT_VERSION = 5.0;
			};
			name = Release;
		};
		OBJ_3 /* Debug */ = {
			isa = XCBuildConfiguration;
			buildSettings = {
				CLANG_ENABLE_OBJC_ARC = YES;
				COMBINE_HIDPI_IMAGES = YES;
				COPY_PHASE_STRIP = NO;
				DEBUG_INFORMATION_FORMAT = dwarf;
				DYLIB_INSTALL_NAME_BASE = "@rpath";
				ENABLE_NS_ASSERTIONS = YES;
				GCC_OPTIMIZATION_LEVEL = 0;
				GCC_PREPROCESSOR_DEFINITIONS = (
					"$(inherited)",
					"SWIFT_PACKAGE=1",
					"DEBUG=1",
				);
				MACOSX_DEPLOYMENT_TARGET = 10.10;
				ONLY_ACTIVE_ARCH = YES;
				OTHER_SWIFT_FLAGS = "$(inherited) -DXcode";
				PRODUCT_NAME = "$(TARGET_NAME)";
				SDKROOT = macosx;
				SUPPORTED_PLATFORMS = macosx;
				SWIFT_ACTIVE_COMPILATION_CONDITIONS = "$(inherited) SWIFT_PACKAGE DEBUG";
				SWIFT_OPTIMIZATION_LEVEL = "-Onone";
				USE_HEADERMAP = NO;
			};
			name = Debug;
		};
		OBJ_4 /* Release */ = {
			isa = XCBuildConfiguration;
			buildSettings = {
				CLANG_ENABLE_OBJC_ARC = YES;
				COMBINE_HIDPI_IMAGES = YES;
				COPY_PHASE_STRIP = YES;
				DEBUG_INFORMATION_FORMAT = "dwarf-with-dsym";
				DYLIB_INSTALL_NAME_BASE = "@rpath";
				GCC_OPTIMIZATION_LEVEL = s;
				GCC_PREPROCESSOR_DEFINITIONS = (
					"$(inherited)",
					"SWIFT_PACKAGE=1",
				);
				MACOSX_DEPLOYMENT_TARGET = 10.10;
				OTHER_SWIFT_FLAGS = "$(inherited) -DXcode";
				PRODUCT_NAME = "$(TARGET_NAME)";
				SDKROOT = macosx;
				SUPPORTED_PLATFORMS = macosx;
				SWIFT_ACTIVE_COMPILATION_CONDITIONS = "$(inherited) SWIFT_PACKAGE";
				SWIFT_OPTIMIZATION_LEVEL = "-Owholemodule";
				USE_HEADERMAP = NO;
			};
			name = Release;
		};
		OBJ_70 /* Debug */ = {
			isa = XCBuildConfiguration;
			buildSettings = {
				ENABLE_TESTABILITY = YES;
				FRAMEWORK_SEARCH_PATHS = (
					"$(inherited)",
					"$(PLATFORM_DIR)/Developer/Library/Frameworks",
				);
				HEADER_SEARCH_PATHS = "$(inherited)";
				INFOPLIST_FILE = simcli.xcodeproj/ArgumentParser_Info.plist;
				IPHONEOS_DEPLOYMENT_TARGET = 8.0;
				LD_RUNPATH_SEARCH_PATHS = "$(inherited) $(TOOLCHAIN_DIR)/usr/lib/swift/macosx";
				MACOSX_DEPLOYMENT_TARGET = 10.10;
				OTHER_CFLAGS = "$(inherited)";
				OTHER_LDFLAGS = "$(inherited)";
				OTHER_SWIFT_FLAGS = "$(inherited)";
				PRODUCT_BUNDLE_IDENTIFIER = ArgumentParser;
				PRODUCT_MODULE_NAME = "$(TARGET_NAME:c99extidentifier)";
				PRODUCT_NAME = "$(TARGET_NAME:c99extidentifier)";
				SKIP_INSTALL = YES;
				SWIFT_ACTIVE_COMPILATION_CONDITIONS = "$(inherited)";
				SWIFT_VERSION = 5.0;
				TARGET_NAME = ArgumentParser;
				TVOS_DEPLOYMENT_TARGET = 9.0;
				WATCHOS_DEPLOYMENT_TARGET = 2.0;
			};
			name = Debug;
		};
		OBJ_71 /* Release */ = {
			isa = XCBuildConfiguration;
			buildSettings = {
				ENABLE_TESTABILITY = YES;
				FRAMEWORK_SEARCH_PATHS = (
					"$(inherited)",
					"$(PLATFORM_DIR)/Developer/Library/Frameworks",
				);
				HEADER_SEARCH_PATHS = "$(inherited)";
				INFOPLIST_FILE = simcli.xcodeproj/ArgumentParser_Info.plist;
				IPHONEOS_DEPLOYMENT_TARGET = 8.0;
				LD_RUNPATH_SEARCH_PATHS = "$(inherited) $(TOOLCHAIN_DIR)/usr/lib/swift/macosx";
				MACOSX_DEPLOYMENT_TARGET = 10.10;
				OTHER_CFLAGS = "$(inherited)";
				OTHER_LDFLAGS = "$(inherited)";
				OTHER_SWIFT_FLAGS = "$(inherited)";
				PRODUCT_BUNDLE_IDENTIFIER = ArgumentParser;
				PRODUCT_MODULE_NAME = "$(TARGET_NAME:c99extidentifier)";
				PRODUCT_NAME = "$(TARGET_NAME:c99extidentifier)";
				SKIP_INSTALL = YES;
				SWIFT_ACTIVE_COMPILATION_CONDITIONS = "$(inherited)";
				SWIFT_VERSION = 5.0;
				TARGET_NAME = ArgumentParser;
				TVOS_DEPLOYMENT_TARGET = 9.0;
				WATCHOS_DEPLOYMENT_TARGET = 2.0;
			};
			name = Release;
		};
/* End XCBuildConfiguration section */

/* Begin XCConfigurationList section */
		OBJ_103 /* Build configuration list for PBXNativeTarget "simcli" */ = {
			isa = XCConfigurationList;
			buildConfigurations = (
				OBJ_104 /* Debug */,
				OBJ_105 /* Release */,
			);
			defaultConfigurationIsVisible = 0;
			defaultConfigurationName = Release;
		};
		OBJ_116 /* Build configuration list for PBXNativeTarget "simcliPackageDescription" */ = {
			isa = XCConfigurationList;
			buildConfigurations = (
				OBJ_117 /* Debug */,
				OBJ_118 /* Release */,
			);
			defaultConfigurationIsVisible = 0;
			defaultConfigurationName = Release;
		};
		OBJ_122 /* Build configuration list for PBXAggregateTarget "simcliPackageTests" */ = {
			isa = XCConfigurationList;
			buildConfigurations = (
				OBJ_123 /* Debug */,
				OBJ_124 /* Release */,
			);
			defaultConfigurationIsVisible = 0;
			defaultConfigurationName = Release;
		};
		OBJ_127 /* Build configuration list for PBXNativeTarget "simctl-cliTests" */ = {
			isa = XCConfigurationList;
			buildConfigurations = (
				OBJ_128 /* Debug */,
				OBJ_129 /* Release */,
			);
			defaultConfigurationIsVisible = 0;
			defaultConfigurationName = Release;
		};
		OBJ_138 /* Build configuration list for PBXNativeTarget "swift-argument-parserPackageDescription" */ = {
			isa = XCConfigurationList;
			buildConfigurations = (
				OBJ_139 /* Debug */,
				OBJ_140 /* Release */,
			);
			defaultConfigurationIsVisible = 0;
			defaultConfigurationName = Release;
		};
		OBJ_2 /* Build configuration list for PBXProject "simcli" */ = {
			isa = XCConfigurationList;
			buildConfigurations = (
				OBJ_3 /* Debug */,
				OBJ_4 /* Release */,
			);
			defaultConfigurationIsVisible = 0;
			defaultConfigurationName = Release;
		};
		OBJ_69 /* Build configuration list for PBXNativeTarget "ArgumentParser" */ = {
			isa = XCConfigurationList;
			buildConfigurations = (
				OBJ_70 /* Debug */,
				OBJ_71 /* Release */,
			);
			defaultConfigurationIsVisible = 0;
			defaultConfigurationName = Release;
		};
/* End XCConfigurationList section */
	};
	rootObject = OBJ_1 /* Project object */;
}
